
Microsoft Visual Studio Solution File, Format Version 12.00
# Visual Studio 14
VisualStudioVersion = 14.0.25420.1
MinimumVisualStudioVersion = 10.0.40219.1
Project("{FAE04EC0-301F-11D3-BF4B-00C04F79EFBC}") = "ELM.Extensions", "Easy-Lookup-Management\ELM.Extensions.csproj", "{429C37D0-6592-4811-A8E2-849963DCA5CE}"
EndProject
Project("{FAE04EC0-301F-11D3-BF4B-00C04F79EFBC}") = "ELM.Test", "ELM.Test\ELM.Test.csproj", "{D2F5D344-850C-4985-B6CE-49FCA2FBCC4C}"
EndProject
Global
	GlobalSection(SolutionConfigurationPlatforms) = preSolution
		Debug|Any CPU = Debug|Any CPU
		Release|Any CPU = Release|Any CPU
	EndGlobalSection
	GlobalSection(ProjectConfigurationPlatforms) = postSolution
		{429C37D0-6592-4811-A8E2-849963DCA5CE}.Debug|Any CPU.ActiveCfg = Debug|Any CPU
		{429C37D0-6592-4811-A8E2-849963DCA5CE}.Debug|Any CPU.Build.0 = Debug|Any CPU
		{429C37D0-6592-4811-A8E2-849963DCA5CE}.Release|Any CPU.ActiveCfg = Release|Any CPU
		{429C37D0-6592-4811-A8E2-849963DCA5CE}.Release|Any CPU.Build.0 = Release|Any CPU
		{D2F5D344-850C-4985-B6CE-49FCA2FBCC4C}.Debug|Any CPU.ActiveCfg = Debug|Any CPU
		{D2F5D344-850C-4985-B6CE-49FCA2FBCC4C}.Debug|Any CPU.Build.0 = Debug|Any CPU
		{D2F5D344-850C-4985-B6CE-49FCA2FBCC4C}.Release|Any CPU.ActiveCfg = Release|Any CPU
		{D2F5D344-850C-4985-B6CE-49FCA2FBCC4C}.Release|Any CPU.Build.0 = Release|Any CPU
	EndGlobalSection
	GlobalSection(SolutionProperties) = preSolution
		HideSolutionNode = FALSE
	EndGlobalSection
EndGlobal
